
Microsoft Visual Studio Solution File, Format Version 12.00
# Visual Studio Version 16
VisualStudioVersion = 16.0.31624.102
MinimumVisualStudioVersion = 10.0.40219.1
Project("{FAE04EC0-301F-11D3-BF4B-00C04F79EFBC}") = "SpottedTrains", "SpottedTrains\SpottedTrains.csproj", "{A0155D70-639D-40D5-B3E7-5DD19F847F19}"
EndProject
Global
	GlobalSection(SolutionConfigurationPlatforms) = preSolution
		Debug|Any CPU = Debug|Any CPU
		Release|Any CPU = Release|Any CPU
	EndGlobalSection
	GlobalSection(ProjectConfigurationPlatforms) = postSolution
		{A0155D70-639D-40D5-B3E7-5DD19F847F19}.Debug|Any CPU.ActiveCfg = Debug|Any CPU
		{A0155D70-639D-40D5-B3E7-5DD19F847F19}.Debug|Any CPU.Build.0 = Debug|Any CPU
		{A0155D70-639D-40D5-B3E7-5DD19F847F19}.Release|Any CPU.ActiveCfg = Release|Any CPU
		{A0155D70-639D-40D5-B3E7-5DD19F847F19}.Release|Any CPU.Build.0 = Release|Any CPU
	EndGlobalSection
	GlobalSection(SolutionProperties) = preSolution
		HideSolutionNode = FALSE
	EndGlobalSection
	GlobalSection(ExtensibilityGlobals) = postSolution
		SolutionGuid = {807DB4D8-E793-4F56-B8A8-F4C20F0C9359}
	EndGlobalSection
EndGlobal
